
Microsoft Visual Studio Solution File, Format Version 12.00
# Visual Studio 15
VisualStudioVersion = 15.0.27130.2026
MinimumVisualStudioVersion = 10.0.40219.1
Project("{A0786B88-2ADB-4C21-ABE8-AA2D79766269}") = "XpressMove", "XpressMove.phpproj", "{0FC0A748-AAAE-452E-A843-5434A684CC5F}"
EndProject
Global
	GlobalSection(SolutionConfigurationPlatforms) = preSolution
		Debug|Any CPU = Debug|Any CPU
		Release|Any CPU = Release|Any CPU
	EndGlobalSection
	GlobalSection(ProjectConfigurationPlatforms) = postSolution
		{0FC0A748-AAAE-452E-A843-5434A684CC5F}.Debug|Any CPU.ActiveCfg = Debug|Any CPU
		{0FC0A748-AAAE-452E-A843-5434A684CC5F}.Release|Any CPU.ActiveCfg = Release|Any CPU
	EndGlobalSection
	GlobalSection(SolutionProperties) = preSolution
		HideSolutionNode = FALSE
	EndGlobalSection
	GlobalSection(ExtensibilityGlobals) = postSolution
		SolutionGuid = {F91E900C-B428-43C7-9A12-AB58F127E1C8}
	EndGlobalSection
EndGlobal
